
Microsoft Visual Studio Solution File, Format Version 12.00
# Visual Studio Version 17
VisualStudioVersion = 17.2.32526.322
MinimumVisualStudioVersion = 10.0.40219.1
Project("{FAE04EC0-301F-11D3-BF4B-00C04F79EFBC}") = "vista", "vista\vista.csproj", "{D846008D-3C52-4CB0-A773-8EF309C7B2B5}"
EndProject
Project("{FAE04EC0-301F-11D3-BF4B-00C04F79EFBC}") = "Modelo", "Modelo\Modelo.csproj", "{01B4D34A-6BB4-4FFE-9507-3826056870D5}"
EndProject
Project("{FAE04EC0-301F-11D3-BF4B-00C04F79EFBC}") = "Controladora", "Controladora\Controladora.csproj", "{871BFAD9-C5A7-4BC7-9B43-ECB8C9FA0207}"
EndProject
Global
	GlobalSection(SolutionConfigurationPlatforms) = preSolution
		Debug|Any CPU = Debug|Any CPU
		Release|Any CPU = Release|Any CPU
	EndGlobalSection
	GlobalSection(ProjectConfigurationPlatforms) = postSolution
		{D846008D-3C52-4CB0-A773-8EF309C7B2B5}.Debug|Any CPU.ActiveCfg = Debug|Any CPU
		{D846008D-3C52-4CB0-A773-8EF309C7B2B5}.Debug|Any CPU.Build.0 = Debug|Any CPU
		{D846008D-3C52-4CB0-A773-8EF309C7B2B5}.Release|Any CPU.ActiveCfg = Release|Any CPU
		{D846008D-3C52-4CB0-A773-8EF309C7B2B5}.Release|Any CPU.Build.0 = Release|Any CPU
		{01B4D34A-6BB4-4FFE-9507-3826056870D5}.Debug|Any CPU.ActiveCfg = Debug|Any CPU
		{01B4D34A-6BB4-4FFE-9507-3826056870D5}.Debug|Any CPU.Build.0 = Debug|Any CPU
		{01B4D34A-6BB4-4FFE-9507-3826056870D5}.Release|Any CPU.ActiveCfg = Release|Any CPU
		{01B4D34A-6BB4-4FFE-9507-3826056870D5}.Release|Any CPU.Build.0 = Release|Any CPU
		{871BFAD9-C5A7-4BC7-9B43-ECB8C9FA0207}.Debug|Any CPU.ActiveCfg = Debug|Any CPU
		{871BFAD9-C5A7-4BC7-9B43-ECB8C9FA0207}.Debug|Any CPU.Build.0 = Debug|Any CPU
		{871BFAD9-C5A7-4BC7-9B43-ECB8C9FA0207}.Release|Any CPU.ActiveCfg = Release|Any CPU
		{871BFAD9-C5A7-4BC7-9B43-ECB8C9FA0207}.Release|Any CPU.Build.0 = Release|Any CPU
	EndGlobalSection
	GlobalSection(SolutionProperties) = preSolution
		HideSolutionNode = FALSE
	EndGlobalSection
	GlobalSection(ExtensibilityGlobals) = postSolution
		SolutionGuid = {01D01DA4-FD30-479E-857B-0AE689783E6D}
	EndGlobalSection
EndGlobal
